
Microsoft Visual Studio Solution File, Format Version 12.00
# Visual Studio 15
VisualStudioVersion = 15.0.28307.421
MinimumVisualStudioVersion = 10.0.40219.1
Project("{FAE04EC0-301F-11D3-BF4B-00C04F79EFBC}") = "TeamMegaDeskWeb", "TeamMegaDeskWeb\TeamMegaDeskWeb.csproj", "{750ED0AB-C4BB-4451-B446-D7F0787B1EE7}"
EndProject
Global
	GlobalSection(SolutionConfigurationPlatforms) = preSolution
		Debug|Any CPU = Debug|Any CPU
		Release|Any CPU = Release|Any CPU
	EndGlobalSection
	GlobalSection(ProjectConfigurationPlatforms) = postSolution
		{750ED0AB-C4BB-4451-B446-D7F0787B1EE7}.Debug|Any CPU.ActiveCfg = Debug|Any CPU
		{750ED0AB-C4BB-4451-B446-D7F0787B1EE7}.Debug|Any CPU.Build.0 = Debug|Any CPU
		{750ED0AB-C4BB-4451-B446-D7F0787B1EE7}.Release|Any CPU.ActiveCfg = Release|Any CPU
		{750ED0AB-C4BB-4451-B446-D7F0787B1EE7}.Release|Any CPU.Build.0 = Release|Any CPU
	EndGlobalSection
	GlobalSection(SolutionProperties) = preSolution
		HideSolutionNode = FALSE
	EndGlobalSection
	GlobalSection(ExtensibilityGlobals) = postSolution
		SolutionGuid = {EBDFA6B5-9017-456D-B74C-AFDC9B905B0A}
	EndGlobalSection
EndGlobal
